
Microsoft Visual Studio Solution File, Format Version 12.00
# Visual Studio Version 17
VisualStudioVersion = 17.1.32210.238
MinimumVisualStudioVersion = 10.0.40219.1
Project("{FAE04EC0-301F-11D3-BF4B-00C04F79EFBC}") = "Gestion_Stock_PPE", "Gestion_Stock_PPE.csproj", "{9D09B891-CD7D-4AC6-B80A-FDB6DFF76412}"
EndProject
Global
	GlobalSection(SolutionConfigurationPlatforms) = preSolution
		Debug|Any CPU = Debug|Any CPU
		Release|Any CPU = Release|Any CPU
	EndGlobalSection
	GlobalSection(ProjectConfigurationPlatforms) = postSolution
		{9D09B891-CD7D-4AC6-B80A-FDB6DFF76412}.Debug|Any CPU.ActiveCfg = Debug|Any CPU
		{9D09B891-CD7D-4AC6-B80A-FDB6DFF76412}.Debug|Any CPU.Build.0 = Debug|Any CPU
		{9D09B891-CD7D-4AC6-B80A-FDB6DFF76412}.Release|Any CPU.ActiveCfg = Release|Any CPU
		{9D09B891-CD7D-4AC6-B80A-FDB6DFF76412}.Release|Any CPU.Build.0 = Release|Any CPU
	EndGlobalSection
	GlobalSection(SolutionProperties) = preSolution
		HideSolutionNode = FALSE
	EndGlobalSection
	GlobalSection(ExtensibilityGlobals) = postSolution
		SolutionGuid = {957313FA-DBCE-46D4-8D4C-8BAECFC3011D}
	EndGlobalSection
EndGlobal
